
Microsoft Visual Studio Solution File, Format Version 12.00
# Visual Studio Version 17
VisualStudioVersion = 17.12.35707.178
MinimumVisualStudioVersion = 10.0.40219.1
Project("{FAE04EC0-301F-11D3-BF4B-00C04F79EFBC}") = "EmployeeManagement.Models", "EmployeeManagement.Models\EmployeeManagement.Models.csproj", "{0D65A354-893D-4537-B5D4-BF34E219AD7B}"
EndProject
Project("{FAE04EC0-301F-11D3-BF4B-00C04F79EFBC}") = "EmployeeManagement.WebPortal", "EmployeeManagement.WebPortal\EmployeeManagement.WebPortal.csproj", "{F7883331-7004-4585-8282-3367BD4C2412}"
EndProject
Project("{FAE04EC0-301F-11D3-BF4B-00C04F79EFBC}") = "EmployeeManagement.Api", "EmployeeManagement.Api\EmployeeManagement.Api.csproj", "{1318470C-8159-4CA8-B59E-30992746AA78}"
EndProject
Project("{FAE04EC0-301F-11D3-BF4B-00C04F79EFBC}") = "SharedClass", "SharedClass\SharedClass.csproj", "{5CA27F7E-E1F5-4541-BF9B-4DF96AE260E0}"
EndProject
Global
	GlobalSection(SolutionConfigurationPlatforms) = preSolution
		Debug|Any CPU = Debug|Any CPU
		Release|Any CPU = Release|Any CPU
	EndGlobalSection
	GlobalSection(ProjectConfigurationPlatforms) = postSolution
		{0D65A354-893D-4537-B5D4-BF34E219AD7B}.Debug|Any CPU.ActiveCfg = Debug|Any CPU
		{0D65A354-893D-4537-B5D4-BF34E219AD7B}.Debug|Any CPU.Build.0 = Debug|Any CPU
		{0D65A354-893D-4537-B5D4-BF34E219AD7B}.Release|Any CPU.ActiveCfg = Release|Any CPU
		{0D65A354-893D-4537-B5D4-BF34E219AD7B}.Release|Any CPU.Build.0 = Release|Any CPU
		{F7883331-7004-4585-8282-3367BD4C2412}.Debug|Any CPU.ActiveCfg = Debug|Any CPU
		{F7883331-7004-4585-8282-3367BD4C2412}.Debug|Any CPU.Build.0 = Debug|Any CPU
		{F7883331-7004-4585-8282-3367BD4C2412}.Release|Any CPU.ActiveCfg = Release|Any CPU
		{F7883331-7004-4585-8282-3367BD4C2412}.Release|Any CPU.Build.0 = Release|Any CPU
		{1318470C-8159-4CA8-B59E-30992746AA78}.Debug|Any CPU.ActiveCfg = Debug|Any CPU
		{1318470C-8159-4CA8-B59E-30992746AA78}.Debug|Any CPU.Build.0 = Debug|Any CPU
		{1318470C-8159-4CA8-B59E-30992746AA78}.Release|Any CPU.ActiveCfg = Release|Any CPU
		{1318470C-8159-4CA8-B59E-30992746AA78}.Release|Any CPU.Build.0 = Release|Any CPU
		{5CA27F7E-E1F5-4541-BF9B-4DF96AE260E0}.Debug|Any CPU.ActiveCfg = Debug|Any CPU
		{5CA27F7E-E1F5-4541-BF9B-4DF96AE260E0}.Debug|Any CPU.Build.0 = Debug|Any CPU
		{5CA27F7E-E1F5-4541-BF9B-4DF96AE260E0}.Release|Any CPU.ActiveCfg = Release|Any CPU
		{5CA27F7E-E1F5-4541-BF9B-4DF96AE260E0}.Release|Any CPU.Build.0 = Release|Any CPU
	EndGlobalSection
	GlobalSection(SolutionProperties) = preSolution
		HideSolutionNode = FALSE
	EndGlobalSection
	GlobalSection(ExtensibilityGlobals) = postSolution
		SolutionGuid = {FF184714-83DA-46A0-976C-C8ACEC4D4CD7}
	EndGlobalSection
EndGlobal
